// !$*UTF8*$!
{
	archiveVersion = 1;
	classes = {
	};
	objectVersion = 46;
	objects = {

/* Begin PBXBuildFile section */
		68D86E021A61FBBB00CAC620 /* AppDelegate.swift in Sources */ = {isa = PBXBuildFile; fileRef = 68D86E011A61FBBB00CAC620 /* AppDelegate.swift */; };
		68D86E041A61FBBB00CAC620 /* ViewController.swift in Sources */ = {isa = PBXBuildFile; fileRef = 68D86E031A61FBBB00CAC620 /* ViewController.swift */; };
		68D86E071A61FBBB00CAC620 /* Main.storyboard in Resources */ = {isa = PBXBuildFile; fileRef = 68D86E051A61FBBB00CAC620 /* Main.storyboard */; };
		68D86E091A61FBBB00CAC620 /* Images.xcassets in Resources */ = {isa = PBXBuildFile; fileRef = 68D86E081A61FBBB00CAC620 /* Images.xcassets */; };
		68D86E0C1A61FBBB00CAC620 /* LaunchScreen.xib in Resources */ = {isa = PBXBuildFile; fileRef = 68D86E0A1A61FBBB00CAC620 /* LaunchScreen.xib */; };
		68D86E181A61FBBC00CAC620 /* SlotMachineTests.swift in Sources */ = {isa = PBXBuildFile; fileRef = 68D86E171A61FBBC00CAC620 /* SlotMachineTests.swift */; };
/* End PBXBuildFile section */

/* Begin PBXContainerItemProxy section */
		68D86E121A61FBBC00CAC620 /* PBXContainerItemProxy */ = {
			isa = PBXContainerItemProxy;
			containerPortal = 68D86DF41A61FBBB00CAC620 /* Project object */;
			proxyType = 1;
			remoteGlobalIDString = 68D86DFB1A61FBBB00CAC620;
			remoteInfo = SlotMachine;
		};
/* End PBXContainerItemProxy section */

/* Begin PBXFileReference section */
		68D86DFC1A61FBBB00CAC620 /* SlotMachine.app */ = {isa = PBXFileReference; explicitFileType = wrapper.application; includeInIndex = 0; path = SlotMachine.app; sourceTree = BUILT_PRODUCTS_DIR; };
		68D86E001A61FBBB00CAC620 /* Info.plist */ = {isa = PBXFileReference; lastKnownFileType = text.plist.xml; path = Info.plist; sourceTree = "<group>"; };
		68D86E011A61FBBB00CAC620 /* AppDelegate.swift */ = {isa = PBXFileReference; lastKnownFileType = sourcecode.swift; path = AppDelegate.swift; sourceTree = "<group>"; };
		68D86E031A61FBBB00CAC620 /* ViewController.swift */ = {isa = PBXFileReference; lastKnownFileType = sourcecode.swift; path = ViewController.swift; sourceTree = "<group>"; };
		68D86E061A61FBBB00CAC620 /* Base */ = {isa = PBXFileReference; lastKnownFileType = file.storyboard; name = Base; path = Base.lproj/Main.storyboard; sourceTree = "<group>"; };
		68D86E081A61FBBB00CAC620 /* Images.xcassets */ = {isa = PBXFileReference; lastKnownFileType = folder.assetcatalog; path = Images.xcassets; sourceTree = "<group>"; };
		68D86E0B1A61FBBB00CAC620 /* Base */ = {isa = PBXFileReference; lastKnownFileType = file.xib; name = Base; path = Base.lproj/LaunchScreen.xib; sourceTree = "<group>"; };
		68D86E111A61FBBC00CAC620 /* SlotMachineTests.xctest */ = {isa = PBXFileReference; explicitFileType = wrapper.cfbundle; includeInIndex = 0; path = SlotMachineTests.xctest; sourceTree = BUILT_PRODUCTS_DIR; };
		68D86E161A61FBBC00CAC620 /* Info.plist */ = {isa = PBXFileReference; lastKnownFileType = text.plist.xml; path = Info.plist; sourceTree = "<group>"; };
		68D86E171A61FBBC00CAC620 /* SlotMachineTests.swift */ = {isa = PBXFileReference; lastKnownFileType = sourcecode.swift; path = SlotMachineTests.swift; sourceTree = "<group>"; };
/* End PBXFileReference section */

/* Begin PBXFrameworksBuildPhase section */
		68D86DF91A61FBBB00CAC620 /* Frameworks */ = {
			isa = PBXFrameworksBuildPhase;
			buildActionMask = 2147483647;
			files = (
			);
			runOnlyForDeploymentPostprocessing = 0;
		};
		68D86E0E1A61FBBC00CAC620 /* Frameworks */ = {
			isa = PBXFrameworksBuildPhase;
			buildActionMask = 2147483647;
			files = (
			);
			runOnlyForDeploymentPostprocessing = 0;
		};
/* End PBXFrameworksBuildPhase section */

/* Begin PBXGroup section */
		68D86DF31A61FBBB00CAC620 = {
			isa = PBXGroup;
			children = (
				68D86DFE1A61FBBB00CAC620 /* SlotMachine */,
				68D86E141A61FBBC00CAC620 /* SlotMachineTests */,
				68D86DFD1A61FBBB00CAC620 /* Products */,
			);
			sourceTree = "<group>";
		};
		68D86DFD1A61FBBB00CAC620 /* Products */ = {
			isa = PBXGroup;
			children = (
				68D86DFC1A61FBBB00CAC620 /* SlotMachine.app */,
				68D86E111A61FBBC00CAC620 /* SlotMachineTests.xctest */,
			);
			name = Products;
			sourceTree = "<group>";
		};
		68D86DFE1A61FBBB00CAC620 /* SlotMachine */ = {
			isa = PBXGroup;
			children = (
				68D86E011A61FBBB00CAC620 /* AppDelegate.swift */,
				68D86E031A61FBBB00CAC620 /* ViewController.swift */,
				68D86E051A61FBBB00CAC620 /* Main.storyboard */,
				68D86E081A61FBBB00CAC620 /* Images.xcassets */,
				68D86E0A1A61FBBB00CAC620 /* LaunchScreen.xib */,
				68D86DFF1A61FBBB00CAC620 /* Supporting Files */,
			);
			path = SlotMachine;
			sourceTree = "<group>";
		};
		68D86DFF1A61FBBB00CAC620 /* Supporting Files */ = {
			isa = PBXGroup;
			children = (
				68D86E001A61FBBB00CAC620 /* Info.plist */,
			);
			name = "Supporting Files";
			sourceTree = "<group>";
		};
		68D86E141A61FBBC00CAC620 /* SlotMachineTests */ = {
			isa = PBXGroup;
			children = (
				68D86E171A61FBBC00CAC620 /* SlotMachineTests.swift */,
				68D86E151A61FBBC00CAC620 /* Supporting Files */,
			);
			path = SlotMachineTests;
			sourceTree = "<group>";
		};
		68D86E151A61FBBC00CAC620 /* Supporting Files */ = {
			isa = PBXGroup;
			children = (
				68D86E161A61FBBC00CAC620 /* Info.plist */,
			);
			name = "Supporting Files";
			sourceTree = "<group>";
		};
/* End PBXGroup section */

/* Begin PBXNativeTarget section */
		68D86DFB1A61FBBB00CAC620 /* SlotMachine */ = {
			isa = PBXNativeTarget;
			buildConfigurationList = 68D86E1B1A61FBBC00CAC620 /* Build configuration list for PBXNativeTarget "SlotMachine" */;
			buildPhases = (
				68D86DF81A61FBBB00CAC620 /* Sources */,
				68D86DF91A61FBBB00CAC620 /* Frameworks */,
				68D86DFA1A61FBBB00CAC620 /* Resources */,
			);
			buildRules = (
			);
			dependencies = (
			);
			name = SlotMachine;
			productName = SlotMachine;
			productReference = 68D86DFC1A61FBBB00CAC620 /* SlotMachine.app */;
			productType = "com.apple.product-type.application";
		};
		68D86E101A61FBBC00CAC620 /* SlotMachineTests */ = {
			isa = PBXNativeTarget;
			buildConfigurationList = 68D86E1E1A61FBBC00CAC620 /* Build configuration list for PBXNativeTarget "SlotMachineTests" */;
			buildPhases = (
				68D86E0D1A61FBBC00CAC620 /* Sources */,
				68D86E0E1A61FBBC00CAC620 /* Frameworks */,
				68D86E0F1A61FBBC00CAC620 /* Resources */,
			);
			buildRules = (
			);
			dependencies = (
				68D86E131A61FBBC00CAC620 /* PBXTargetDependency */,
			);
			name = SlotMachineTests;
			productName = SlotMachineTests;
			productReference = 68D86E111A61FBBC00CAC620 /* SlotMachineTests.xctest */;
			productType = "com.apple.product-type.bundle.unit-test";
		};
/* End PBXNativeTarget section */

/* Begin PBXProject section */
		68D86DF41A61FBBB00CAC620 /* Project object */ = {
			isa = PBXProject;
			attributes = {
				LastUpgradeCheck = 0610;
				ORGANIZATIONNAME = "Keenan Jaenice";
				TargetAttributes = {
					68D86DFB1A61FBBB00CAC620 = {
						CreatedOnToolsVersion = 6.1;
					};
					68D86E101A61FBBC00CAC620 = {
						CreatedOnToolsVersion = 6.1;
						TestTargetID = 68D86DFB1A61FBBB00CAC620;
					};
				};
			};
			buildConfigurationList = 68D86DF71A61FBBB00CAC620 /* Build configuration list for PBXProject "SlotMachine" */;
			compatibilityVersion = "Xcode 3.2";
			developmentRegion = English;
			hasScannedForEncodings = 0;
			knownRegions = (
				en,
				Base,
			);
			mainGroup = 68D86DF31A61FBBB00CAC620;
			productRefGroup = 68D86DFD1A61FBBB00CAC620 /* Products */;
			projectDirPath = "";
			projectRoot = "";
			targets = (
				68D86DFB1A61FBBB00CAC620 /* SlotMachine */,
				68D86E101A61FBBC00CAC620 /* SlotMachineTests */,
			);
		};
/* End PBXProject section */

/* Begin PBXResourcesBuildPhase section */
		68D86DFA1A61FBBB00CAC620 /* Resources */ = {
			isa = PBXResourcesBuildPhase;
			buildActionMask = 2147483647;
			files = (
				68D86E071A61FBBB00CAC620 /* Main.storyboard in Resources */,
				68D86E0C1A61FBBB00CAC620 /* LaunchScreen.xib in Resources */,
				68D86E091A61FBBB00CAC620 /* Images.xcassets in Resources */,
			);
			runOnlyForDeploymentPostprocessing = 0;
		};
		68D86E0F1A61FBBC00CAC620 /* Resources */ = {
			isa = PBXResourcesBuildPhase;
			buildActionMask = 2147483647;
			files = (
			);
			runOnlyForDeploymentPostprocessing = 0;
		};
/* End PBXResourcesBuildPhase section */

/* Begin PBXSourcesBuildPhase section */
		68D86DF81A61FBBB00CAC620 /* Sources */ = {
			isa = PBXSourcesBuildPhase;
			buildActionMask = 2147483647;
			files = (
				68D86E041A61FBBB00CAC620 /* ViewController.swift in Sources */,
				68D86E021A61FBBB00CAC620 /* AppDelegate.swift in Sources */,
			);
			runOnlyForDeploymentPostprocessing = 0;
		};
		68D86E0D1A61FBBC00CAC620 /* Sources */ = {
			isa = PBXSourcesBuildPhase;
			buildActionMask = 2147483647;
			files = (
				68D86E181A61FBBC00CAC620 /* SlotMachineTests.swift in Sources */,
			);
			runOnlyForDeploymentPostprocessing = 0;
		};
/* End PBXSourcesBuildPhase section */

/* Begin PBXTargetDependency section */
		68D86E131A61FBBC00CAC620 /* PBXTargetDependency */ = {
			isa = PBXTargetDependency;
			target = 68D86DFB1A61FBBB00CAC620 /* SlotMachine */;
			targetProxy = 68D86E121A61FBBC00CAC620 /* PBXContainerItemProxy */;
		};
/* End PBXTargetDependency section */

/* Begin PBXVariantGroup section */
		68D86E051A61FBBB00CAC620 /* Main.storyboard */ = {
			isa = PBXVariantGroup;
			children = (
				68D86E061A61FBBB00CAC620 /* Base */,
			);
			name = Main.storyboard;
			sourceTree = "<group>";
		};
		68D86E0A1A61FBBB00CAC620 /* LaunchScreen.xib */ = {
			isa = PBXVariantGroup;
			children = (
				68D86E0B1A61FBBB00CAC620 /* Base */,
			);
			name = LaunchScreen.xib;
			sourceTree = "<group>";
		};
/* End PBXVariantGroup section */

/* Begin XCBuildConfiguration section */
		68D86E191A61FBBC00CAC620 /* Debug */ = {
			isa = XCBuildConfiguration;
			buildSettings = {
				ALWAYS_SEARCH_USER_PATHS = NO;
				CLANG_CXX_LANGUAGE_STANDARD = "gnu++0x";
				CLANG_CXX_LIBRARY = "libc++";
				CLANG_ENABLE_MODULES = YES;
				CLANG_ENABLE_OBJC_ARC = YES;
				CLANG_WARN_BOOL_CONVERSION = YES;
				CLANG_WARN_CONSTANT_CONVERSION = YES;
				CLANG_WARN_DIRECT_OBJC_ISA_USAGE = YES_ERROR;
				CLANG_WARN_EMPTY_BODY = YES;
				CLANG_WARN_ENUM_CONVERSION = YES;
				CLANG_WARN_INT_CONVERSION = YES;
				CLANG_WARN_OBJC_ROOT_CLASS = YES_ERROR;
				CLANG_WARN_UNREACHABLE_CODE = YES;
				CLANG_WARN__DUPLICATE_METHOD_MATCH = YES;
				"CODE_SIGN_IDENTITY[sdk=iphoneos*]" = "iPhone Developer";
				COPY_PHASE_STRIP = NO;
				ENABLE_STRICT_OBJC_MSGSEND = YES;
				GCC_C_LANGUAGE_STANDARD = gnu99;
				GCC_DYNAMIC_NO_PIC = NO;
				GCC_OPTIMIZATION_LEVEL = 0;
				GCC_PREPROCESSOR_DEFINITIONS = (
					"DEBUG=1",
					"$(inherited)",
				);
				GCC_SYMBOLS_PRIVATE_EXTERN = NO;
				GCC_WARN_64_TO_32_BIT_CONVERSION = YES;
				GCC_WARN_ABOUT_RETURN_TYPE = YES_ERROR;
				GCC_WARN_UNDECLARED_SELECTOR = YES;
				GCC_WARN_UNINITIALIZED_AUTOS = YES_AGGRESSIVE;
				GCC_WARN_UNUSED_FUNCTION = YES;
				GCC_WARN_UNUSED_VARIABLE = YES;
				IPHONEOS_DEPLOYMENT_TARGET = 8.1;
				MTL_ENABLE_DEBUG_INFO = YES;
				ONLY_ACTIVE_ARCH = YES;
				SDKROOT = iphoneos;
				SWIFT_OPTIMIZATION_LEVEL = "-Onone";
				TARGETED_DEVICE_FAMILY = "1,2";
			};
			name = Debug;
		};
		68D86E1A1A61FBBC00CAC620 /* Release */ = {
			isa = XCBuildConfiguration;
			buildSettings = {
				ALWAYS_SEARCH_USER_PATHS = NO;
				CLANG_CXX_LANGUAGE_STANDARD = "gnu++0x";
				CLANG_CXX_LIBRARY = "libc++";
				CLANG_ENABLE_MODULES = YES;
				CLANG_ENABLE_OBJC_ARC = YES;
				CLANG_WARN_BOOL_CONVERSION = YES;
				CLANG_WARN_CONSTANT_CONVERSION = YES;
				CLANG_WARN_DIRECT_OBJC_ISA_USAGE = YES_ERROR;
				CLANG_WARN_EMPTY_BODY = YES;
				CLANG_WARN_ENUM_CONVERSION = YES;
				CLANG_WARN_INT_CONVERSION = YES;
				CLANG_WARN_OBJC_ROOT_CLASS = YES_ERROR;
				CLANG_WARN_UNREACHABLE_CODE = YES;
				CLANG_WARN__DUPLICATE_METHOD_MATCH = YES;
				"CODE_SIGN_IDENTITY[sdk=iphoneos*]" = "iPhone Developer";
				COPY_PHASE_STRIP = YES;
				ENABLE_NS_ASSERTIONS = NO;
				ENABLE_STRICT_OBJC_MSGSEND = YES;
				GCC_C_LANGUAGE_STANDARD = gnu99;
				GCC_WARN_64_TO_32_BIT_CONVERSION = YES;
				GCC_WARN_ABOUT_RETURN_TYPE = YES_ERROR;
				GCC_WARN_UNDECLARED_SELECTOR = YES;
				GCC_WARN_UNINITIALIZED_AUTOS = YES_AGGRESSIVE;
				GCC_WARN_UNUSED_FUNCTION = YES;
				GCC_WARN_UNUSED_VARIABLE = YES;
				IPHONEOS_DEPLOYMENT_TARGET = 8.1;
				MTL_ENABLE_DEBUG_INFO = NO;
				SDKROOT = iphoneos;
				TARGETED_DEVICE_FAMILY = "1,2";
				VALIDATE_PRODUCT = YES;
			};
			name = Release;
		};
		68D86E1C1A61FBBC00CAC620 /* Debug */ = {
			isa = XCBuildConfiguration;
			buildSettings = {
				ASSETCATALOG_COMPILER_APPICON_NAME = AppIcon;
				INFOPLIST_FILE = SlotMachine/Info.plist;
				LD_RUNPATH_SEARCH_PATHS = "$(inherited) @executable_path/Frameworks";
				PRODUCT_NAME = "$(TARGET_NAME)";
			};
			name = Debug;
		};
		68D86E1D1A61FBBC00CAC620 /* Release */ = {
			isa = XCBuildConfiguration;
			buildSettings = {
				ASSETCATALOG_COMPILER_APPICON_NAME = AppIcon;
				INFOPLIST_FILE = SlotMachine/Info.plist;
				LD_RUNPATH_SEARCH_PATHS = "$(inherited) @executable_path/Frameworks";
				PRODUCT_NAME = "$(TARGET_NAME)";
			};
			name = Release;
		};
		68D86E1F1A61FBBC00CAC620 /* Debug */ = {
			isa = XCBuildConfiguration;
			buildSettings = {
				BUNDLE_LOADER = "$(TEST_HOST)";
				FRAMEWORK_SEARCH_PATHS = (
					"$(SDKROOT)/Developer/Library/Frameworks",
					"$(inherited)",
				);
				GCC_PREPROCESSOR_DEFINITIONS = (
					"DEBUG=1",
					"$(inherited)",
				);
				INFOPLIST_FILE = SlotMachineTests/Info.plist;
				LD_RUNPATH_SEARCH_PATHS = "$(inherited) @executable_path/Frameworks @loader_path/Frameworks";
				PRODUCT_NAME = "$(TARGET_NAME)";
				TEST_HOST = "$(BUILT_PRODUCTS_DIR)/SlotMachine.app/SlotMachine";
			};
			name = Debug;
		};
		68D86E201A61FBBC00CAC620 /* Release */ = {
			isa = XCBuildConfiguration;
			buildSettings = {
				BUNDLE_LOADER = "$(TEST_HOST)";
				FRAMEWORK_SEARCH_PATHS = (
					"$(SDKROOT)/Developer/Library/Frameworks",
					"$(inherited)",
				);
				INFOPLIST_FILE = SlotMachineTests/Info.plist;
				LD_RUNPATH_SEARCH_PATHS = "$(inherited) @executable_path/Frameworks @loader_path/Frameworks";
				PRODUCT_NAME = "$(TARGET_NAME)";
				TEST_HOST = "$(BUILT_PRODUCTS_DIR)/SlotMachine.app/SlotMachine";
			};
			name = Release;
		};
/* End XCBuildConfiguration section */

/* Begin XCConfigurationList section */
		68D86DF71A61FBBB00CAC620 /* Build configuration list for PBXProject "SlotMachine" */ = {
			isa = XCConfigurationList;
			buildConfigurations = (
				68D86E191A61FBBC00CAC620 /* Debug */,
				68D86E1A1A61FBBC00CAC620 /* Release */,
			);
			defaultConfigurationIsVisible = 0;
			defaultConfigurationName = Release;
		};
		68D86E1B1A61FBBC00CAC620 /* Build configuration list for PBXNativeTarget "SlotMachine" */ = {
			isa = XCConfigurationList;
			buildConfigurations = (
				68D86E1C1A61FBBC00CAC620 /* Debug */,
				68D86E1D1A61FBBC00CAC620 /* Release */,
			);
			defaultConfigurationIsVisible = 0;
		};
		68D86E1E1A61FBBC00CAC620 /* Build configuration list for PBXNativeTarget "SlotMachineTests" */ = {
			isa = XCConfigurationList;
			buildConfigurations = (
				68D86E1F1A61FBBC00CAC620 /* Debug */,
				68D86E201A61FBBC00CAC620 /* Release */,
			);
			defaultConfigurationIsVisible = 0;
		};
/* End XCConfigurationList section */
	};
	rootObject = 68D86DF41A61FBBB00CAC620 /* Project object */;
}
